
Microsoft Visual Studio Solution File, Format Version 12.00
# Visual Studio Version 17
VisualStudioVersion = 17.5.002.0
MinimumVisualStudioVersion = 10.0.40219.1
Project("{9A19103F-16F7-4668-BE54-9A1E7A4F7556}") = "Prog_01_2024", "Prog_01_2024.csproj", "{03730543-9C5B-4410-8FFB-345273C361DB}"
EndProject
Global
	GlobalSection(SolutionConfigurationPlatforms) = preSolution
		Debug|Any CPU = Debug|Any CPU
		Release|Any CPU = Release|Any CPU
	EndGlobalSection
	GlobalSection(ProjectConfigurationPlatforms) = postSolution
		{03730543-9C5B-4410-8FFB-345273C361DB}.Debug|Any CPU.ActiveCfg = Debug|Any CPU
		{03730543-9C5B-4410-8FFB-345273C361DB}.Debug|Any CPU.Build.0 = Debug|Any CPU
		{03730543-9C5B-4410-8FFB-345273C361DB}.Release|Any CPU.ActiveCfg = Release|Any CPU
		{03730543-9C5B-4410-8FFB-345273C361DB}.Release|Any CPU.Build.0 = Release|Any CPU
	EndGlobalSection
	GlobalSection(SolutionProperties) = preSolution
		HideSolutionNode = FALSE
	EndGlobalSection
	GlobalSection(ExtensibilityGlobals) = postSolution
		SolutionGuid = {E086D4AD-1704-4D96-BB09-B0FE630E57BF}
	EndGlobalSection
EndGlobal
